// !$*UTF8*$!
{
	archiveVersion = 1;
	classes = {
	};
	objectVersion = 50;
	objects = {

/* Begin PBXBuildFile section */
		FB38482626359168002F95DA /* ScrumdingerApp.swift in Sources */ = {isa = PBXBuildFile; fileRef = FB38482526359168002F95DA /* ScrumdingerApp.swift */; };
		FB38482826359168002F95DA /* meetingView.swift in Sources */ = {isa = PBXBuildFile; fileRef = FB38482726359168002F95DA /* meetingView.swift */; };
		FB38482A2635916A002F95DA /* Assets.xcassets in Resources */ = {isa = PBXBuildFile; fileRef = FB3848292635916A002F95DA /* Assets.xcassets */; };
		FB38482D2635916A002F95DA /* Preview Assets.xcassets in Resources */ = {isa = PBXBuildFile; fileRef = FB38482C2635916A002F95DA /* Preview Assets.xcassets */; };
		FB38483826385423002F95DA /* DailyScrum.swift in Sources */ = {isa = PBXBuildFile; fileRef = FB38483726385423002F95DA /* DailyScrum.swift */; };
		FB38483C263854F6002F95DA /* CardView.swift in Sources */ = {isa = PBXBuildFile; fileRef = FB38483B263854F6002F95DA /* CardView.swift */; };
		FB38484126386012002F95DA /* ScrumsView.swift in Sources */ = {isa = PBXBuildFile; fileRef = FB38484026386011002F95DA /* ScrumsView.swift */; };
		FB3848452639774C002F95DA /* Color+Codable.swift in Sources */ = {isa = PBXBuildFile; fileRef = FB3848442639774C002F95DA /* Color+Codable.swift */; };
		FB38484826397AF2002F95DA /* DetailView.swift in Sources */ = {isa = PBXBuildFile; fileRef = FB38484726397AF2002F95DA /* DetailView.swift */; };
		FB38484B263993A3002F95DA /* EditView.swift in Sources */ = {isa = PBXBuildFile; fileRef = FB38484A263993A3002F95DA /* EditView.swift */; };
		FB38484E263ADF95002F95DA /* MeetingHeaderView.swift in Sources */ = {isa = PBXBuildFile; fileRef = FB38484D263ADF95002F95DA /* MeetingHeaderView.swift */; };
		FB384851263AE482002F95DA /* ScrumTimer.swift in Sources */ = {isa = PBXBuildFile; fileRef = FB384850263AE482002F95DA /* ScrumTimer.swift */; };
		FB384854263AE66C002F95DA /* ScrumProgressViewStyle.swift in Sources */ = {isa = PBXBuildFile; fileRef = FB384853263AE66C002F95DA /* ScrumProgressViewStyle.swift */; };
		FB384857263AE809002F95DA /* MeetingFooterView.swift in Sources */ = {isa = PBXBuildFile; fileRef = FB384856263AE809002F95DA /* MeetingFooterView.swift */; };
		FB38485A263AED15002F95DA /* AVPlayer+Ding.swift in Sources */ = {isa = PBXBuildFile; fileRef = FB384859263AED15002F95DA /* AVPlayer+Ding.swift */; };
		FB38485E263AEEB4002F95DA /* ding.wav in Resources */ = {isa = PBXBuildFile; fileRef = FB38485D263AEEB4002F95DA /* ding.wav */; };
		FB384866263B8F3D002F95DA /* History.swift in Sources */ = {isa = PBXBuildFile; fileRef = FB384865263B8F3D002F95DA /* History.swift */; };
/* End PBXBuildFile section */

/* Begin PBXFileReference section */
		FB38482226359168002F95DA /* Scrumdinger.app */ = {isa = PBXFileReference; explicitFileType = wrapper.application; includeInIndex = 0; path = Scrumdinger.app; sourceTree = BUILT_PRODUCTS_DIR; };
		FB38482526359168002F95DA /* ScrumdingerApp.swift */ = {isa = PBXFileReference; lastKnownFileType = sourcecode.swift; path = ScrumdingerApp.swift; sourceTree = "<group>"; };
		FB38482726359168002F95DA /* meetingView.swift */ = {isa = PBXFileReference; lastKnownFileType = sourcecode.swift; path = meetingView.swift; sourceTree = "<group>"; };
		FB3848292635916A002F95DA /* Assets.xcassets */ = {isa = PBXFileReference; lastKnownFileType = folder.assetcatalog; path = Assets.xcassets; sourceTree = "<group>"; };
		FB38482C2635916A002F95DA /* Preview Assets.xcassets */ = {isa = PBXFileReference; lastKnownFileType = folder.assetcatalog; path = "Preview Assets.xcassets"; sourceTree = "<group>"; };
		FB38482E2635916A002F95DA /* Info.plist */ = {isa = PBXFileReference; lastKnownFileType = text.plist.xml; path = Info.plist; sourceTree = "<group>"; };
		FB38483726385423002F95DA /* DailyScrum.swift */ = {isa = PBXFileReference; lastKnownFileType = sourcecode.swift; path = DailyScrum.swift; sourceTree = "<group>"; };
		FB38483B263854F6002F95DA /* CardView.swift */ = {isa = PBXFileReference; lastKnownFileType = sourcecode.swift; path = CardView.swift; sourceTree = "<group>"; };
		FB38484026386011002F95DA /* ScrumsView.swift */ = {isa = PBXFileReference; lastKnownFileType = sourcecode.swift; path = ScrumsView.swift; sourceTree = "<group>"; };
		FB3848442639774C002F95DA /* Color+Codable.swift */ = {isa = PBXFileReference; lastKnownFileType = sourcecode.swift; path = "Color+Codable.swift"; sourceTree = "<group>"; };
		FB38484726397AF2002F95DA /* DetailView.swift */ = {isa = PBXFileReference; lastKnownFileType = sourcecode.swift; path = DetailView.swift; sourceTree = "<group>"; };
		FB38484A263993A3002F95DA /* EditView.swift */ = {isa = PBXFileReference; lastKnownFileType = sourcecode.swift; path = EditView.swift; sourceTree = "<group>"; };
		FB38484D263ADF95002F95DA /* MeetingHeaderView.swift */ = {isa = PBXFileReference; lastKnownFileType = sourcecode.swift; path = MeetingHeaderView.swift; sourceTree = "<group>"; };
		FB384850263AE482002F95DA /* ScrumTimer.swift */ = {isa = PBXFileReference; lastKnownFileType = sourcecode.swift; path = ScrumTimer.swift; sourceTree = "<group>"; };
		FB384853263AE66C002F95DA /* ScrumProgressViewStyle.swift */ = {isa = PBXFileReference; lastKnownFileType = sourcecode.swift; path = ScrumProgressViewStyle.swift; sourceTree = "<group>"; };
		FB384856263AE809002F95DA /* MeetingFooterView.swift */ = {isa = PBXFileReference; lastKnownFileType = sourcecode.swift; path = MeetingFooterView.swift; sourceTree = "<group>"; };
		FB384859263AED15002F95DA /* AVPlayer+Ding.swift */ = {isa = PBXFileReference; lastKnownFileType = sourcecode.swift; path = "AVPlayer+Ding.swift"; sourceTree = "<group>"; };
		FB38485D263AEEB4002F95DA /* ding.wav */ = {isa = PBXFileReference; lastKnownFileType = audio.wav; path = ding.wav; sourceTree = "<group>"; };
		FB384865263B8F3D002F95DA /* History.swift */ = {isa = PBXFileReference; lastKnownFileType = sourcecode.swift; path = History.swift; sourceTree = "<group>"; };
/* End PBXFileReference section */

/* Begin PBXFrameworksBuildPhase section */
		FB38481F26359168002F95DA /* Frameworks */ = {
			isa = PBXFrameworksBuildPhase;
			buildActionMask = 2147483647;
			files = (
			);
			runOnlyForDeploymentPostprocessing = 0;
		};
/* End PBXFrameworksBuildPhase section */

/* Begin PBXGroup section */
		FB38481926359168002F95DA = {
			isa = PBXGroup;
			children = (
				FB38482426359168002F95DA /* Scrumdinger */,
				FB38482326359168002F95DA /* Products */,
			);
			sourceTree = "<group>";
		};
		FB38482326359168002F95DA /* Products */ = {
			isa = PBXGroup;
			children = (
				FB38482226359168002F95DA /* Scrumdinger.app */,
			);
			name = Products;
			sourceTree = "<group>";
		};
		FB38482426359168002F95DA /* Scrumdinger */ = {
			isa = PBXGroup;
			children = (
				FB38482526359168002F95DA /* ScrumdingerApp.swift */,
				FB38485C263AEE74002F95DA /* Resources */,
				FB384836263853ED002F95DA /* Models */,
				FB38482726359168002F95DA /* meetingView.swift */,
				FB38483B263854F6002F95DA /* CardView.swift */,
				FB384856263AE809002F95DA /* MeetingFooterView.swift */,
				FB38484026386011002F95DA /* ScrumsView.swift */,
				FB38484A263993A3002F95DA /* EditView.swift */,
				FB38484D263ADF95002F95DA /* MeetingHeaderView.swift */,
				FB384853263AE66C002F95DA /* ScrumProgressViewStyle.swift */,
				FB38484726397AF2002F95DA /* DetailView.swift */,
				FB3848292635916A002F95DA /* Assets.xcassets */,
				FB38482E2635916A002F95DA /* Info.plist */,
				FB38482B2635916A002F95DA /* Preview Content */,
			);
			path = Scrumdinger;
			sourceTree = "<group>";
		};
		FB38482B2635916A002F95DA /* Preview Content */ = {
			isa = PBXGroup;
			children = (
				FB38482C2635916A002F95DA /* Preview Assets.xcassets */,
			);
			path = "Preview Content";
			sourceTree = "<group>";
		};
		FB384836263853ED002F95DA /* Models */ = {
			isa = PBXGroup;
			children = (
				FB38483726385423002F95DA /* DailyScrum.swift */,
				FB384850263AE482002F95DA /* ScrumTimer.swift */,
				FB384865263B8F3D002F95DA /* History.swift */,
				FB384859263AED15002F95DA /* AVPlayer+Ding.swift */,
				FB3848442639774C002F95DA /* Color+Codable.swift */,
			);
			path = Models;
			sourceTree = "<group>";
		};
		FB38485C263AEE74002F95DA /* Resources */ = {
			isa = PBXGroup;
			children = (
				FB38485D263AEEB4002F95DA /* ding.wav */,
			);
			path = Resources;
			sourceTree = "<group>";
		};
/* End PBXGroup section */

/* Begin PBXNativeTarget section */
		FB38482126359168002F95DA /* Scrumdinger */ = {
			isa = PBXNativeTarget;
			buildConfigurationList = FB3848312635916A002F95DA /* Build configuration list for PBXNativeTarget "Scrumdinger" */;
			buildPhases = (
				FB38481E26359168002F95DA /* Sources */,
				FB38481F26359168002F95DA /* Frameworks */,
				FB38482026359168002F95DA /* Resources */,
			);
			buildRules = (
			);
			dependencies = (
			);
			name = Scrumdinger;
			productName = Scrumdinger;
			productReference = FB38482226359168002F95DA /* Scrumdinger.app */;
			productType = "com.apple.product-type.application";
		};
/* End PBXNativeTarget section */

/* Begin PBXProject section */
		FB38481A26359168002F95DA /* Project object */ = {
			isa = PBXProject;
			attributes = {
				LastSwiftUpdateCheck = 1240;
				LastUpgradeCheck = 1240;
				TargetAttributes = {
					FB38482126359168002F95DA = {
						CreatedOnToolsVersion = 12.4;
					};
				};
			};
			buildConfigurationList = FB38481D26359168002F95DA /* Build configuration list for PBXProject "Scrumdinger" */;
			compatibilityVersion = "Xcode 9.3";
			developmentRegion = en;
			hasScannedForEncodings = 0;
			knownRegions = (
				en,
				Base,
			);
			mainGroup = FB38481926359168002F95DA;
			productRefGroup = FB38482326359168002F95DA /* Products */;
			projectDirPath = "";
			projectRoot = "";
			targets = (
				FB38482126359168002F95DA /* Scrumdinger */,
			);
		};
/* End PBXProject section */

/* Begin PBXResourcesBuildPhase section */
		FB38482026359168002F95DA /* Resources */ = {
			isa = PBXResourcesBuildPhase;
			buildActionMask = 2147483647;
			files = (
				FB38485E263AEEB4002F95DA /* ding.wav in Resources */,
				FB38482D2635916A002F95DA /* Preview Assets.xcassets in Resources */,
				FB38482A2635916A002F95DA /* Assets.xcassets in Resources */,
			);
			runOnlyForDeploymentPostprocessing = 0;
		};
/* End PBXResourcesBuildPhase section */

/* Begin PBXSourcesBuildPhase section */
		FB38481E26359168002F95DA /* Sources */ = {
			isa = PBXSourcesBuildPhase;
			buildActionMask = 2147483647;
			files = (
				FB38482826359168002F95DA /* meetingView.swift in Sources */,
				FB38483826385423002F95DA /* DailyScrum.swift in Sources */,
				FB384866263B8F3D002F95DA /* History.swift in Sources */,
				FB38484B263993A3002F95DA /* EditView.swift in Sources */,
				FB38485A263AED15002F95DA /* AVPlayer+Ding.swift in Sources */,
				FB38484E263ADF95002F95DA /* MeetingHeaderView.swift in Sources */,
				FB384851263AE482002F95DA /* ScrumTimer.swift in Sources */,
				FB384857263AE809002F95DA /* MeetingFooterView.swift in Sources */,
				FB38483C263854F6002F95DA /* CardView.swift in Sources */,
				FB38484826397AF2002F95DA /* DetailView.swift in Sources */,
				FB38484126386012002F95DA /* ScrumsView.swift in Sources */,
				FB3848452639774C002F95DA /* Color+Codable.swift in Sources */,
				FB38482626359168002F95DA /* ScrumdingerApp.swift in Sources */,
				FB384854263AE66C002F95DA /* ScrumProgressViewStyle.swift in Sources */,
			);
			runOnlyForDeploymentPostprocessing = 0;
		};
/* End PBXSourcesBuildPhase section */

/* Begin XCBuildConfiguration section */
		FB38482F2635916A002F95DA /* Debug */ = {
			isa = XCBuildConfiguration;
			buildSettings = {
				ALWAYS_SEARCH_USER_PATHS = NO;
				CLANG_ANALYZER_NONNULL = YES;
				CLANG_ANALYZER_NUMBER_OBJECT_CONVERSION = YES_AGGRESSIVE;
				CLANG_CXX_LANGUAGE_STANDARD = "gnu++14";
				CLANG_CXX_LIBRARY = "libc++";
				CLANG_ENABLE_MODULES = YES;
				CLANG_ENABLE_OBJC_ARC = YES;
				CLANG_ENABLE_OBJC_WEAK = YES;
				CLANG_WARN_BLOCK_CAPTURE_AUTORELEASING = YES;
				CLANG_WARN_BOOL_CONVERSION = YES;
				CLANG_WARN_COMMA = YES;
				CLANG_WARN_CONSTANT_CONVERSION = YES;
				CLANG_WARN_DEPRECATED_OBJC_IMPLEMENTATIONS = YES;
				CLANG_WARN_DIRECT_OBJC_ISA_USAGE = YES_ERROR;
				CLANG_WARN_DOCUMENTATION_COMMENTS = YES;
				CLANG_WARN_EMPTY_BODY = YES;
				CLANG_WARN_ENUM_CONVERSION = YES;
				CLANG_WARN_INFINITE_RECURSION = YES;
				CLANG_WARN_INT_CONVERSION = YES;
				CLANG_WARN_NON_LITERAL_NULL_CONVERSION = YES;
				CLANG_WARN_OBJC_IMPLICIT_RETAIN_SELF = YES;
				CLANG_WARN_OBJC_LITERAL_CONVERSION = YES;
				CLANG_WARN_OBJC_ROOT_CLASS = YES_ERROR;
				CLANG_WARN_QUOTED_INCLUDE_IN_FRAMEWORK_HEADER = YES;
				CLANG_WARN_RANGE_LOOP_ANALYSIS = YES;
				CLANG_WARN_STRICT_PROTOTYPES = YES;
				CLANG_WARN_SUSPICIOUS_MOVE = YES;
				CLANG_WARN_UNGUARDED_AVAILABILITY = YES_AGGRESSIVE;
				CLANG_WARN_UNREACHABLE_CODE = YES;
				CLANG_WARN__DUPLICATE_METHOD_MATCH = YES;
				COPY_PHASE_STRIP = NO;
				DEBUG_INFORMATION_FORMAT = dwarf;
				ENABLE_STRICT_OBJC_MSGSEND = YES;
				ENABLE_TESTABILITY = YES;
				GCC_C_LANGUAGE_STANDARD = gnu11;
				GCC_DYNAMIC_NO_PIC = NO;
				GCC_NO_COMMON_BLOCKS = YES;
				GCC_OPTIMIZATION_LEVEL = 0;
				GCC_PREPROCESSOR_DEFINITIONS = (
					"DEBUG=1",
					"$(inherited)",
				);
				GCC_WARN_64_TO_32_BIT_CONVERSION = YES;
				GCC_WARN_ABOUT_RETURN_TYPE = YES_ERROR;
				GCC_WARN_UNDECLARED_SELECTOR = YES;
				GCC_WARN_UNINITIALIZED_AUTOS = YES_AGGRESSIVE;
				GCC_WARN_UNUSED_FUNCTION = YES;
				GCC_WARN_UNUSED_VARIABLE = YES;
				IPHONEOS_DEPLOYMENT_TARGET = 14.4;
				MTL_ENABLE_DEBUG_INFO = INCLUDE_SOURCE;
				MTL_FAST_MATH = YES;
				ONLY_ACTIVE_ARCH = YES;
				SDKROOT = iphoneos;
				SWIFT_ACTIVE_COMPILATION_CONDITIONS = DEBUG;
				SWIFT_OPTIMIZATION_LEVEL = "-Onone";
			};
			name = Debug;
		};
		FB3848302635916A002F95DA /* Release */ = {
			isa = XCBuildConfiguration;
			buildSettings = {
				ALWAYS_SEARCH_USER_PATHS = NO;
				CLANG_ANALYZER_NONNULL = YES;
				CLANG_ANALYZER_NUMBER_OBJECT_CONVERSION = YES_AGGRESSIVE;
				CLANG_CXX_LANGUAGE_STANDARD = "gnu++14";
				CLANG_CXX_LIBRARY = "libc++";
				CLANG_ENABLE_MODULES = YES;
				CLANG_ENABLE_OBJC_ARC = YES;
				CLANG_ENABLE_OBJC_WEAK = YES;
				CLANG_WARN_BLOCK_CAPTURE_AUTORELEASING = YES;
				CLANG_WARN_BOOL_CONVERSION = YES;
				CLANG_WARN_COMMA = YES;
				CLANG_WARN_CONSTANT_CONVERSION = YES;
				CLANG_WARN_DEPRECATED_OBJC_IMPLEMENTATIONS = YES;
				CLANG_WARN_DIRECT_OBJC_ISA_USAGE = YES_ERROR;
				CLANG_WARN_DOCUMENTATION_COMMENTS = YES;
				CLANG_WARN_EMPTY_BODY = YES;
				CLANG_WARN_ENUM_CONVERSION = YES;
				CLANG_WARN_INFINITE_RECURSION = YES;
				CLANG_WARN_INT_CONVERSION = YES;
				CLANG_WARN_NON_LITERAL_NULL_CONVERSION = YES;
				CLANG_WARN_OBJC_IMPLICIT_RETAIN_SELF = YES;
				CLANG_WARN_OBJC_LITERAL_CONVERSION = YES;
				CLANG_WARN_OBJC_ROOT_CLASS = YES_ERROR;
				CLANG_WARN_QUOTED_INCLUDE_IN_FRAMEWORK_HEADER = YES;
				CLANG_WARN_RANGE_LOOP_ANALYSIS = YES;
				CLANG_WARN_STRICT_PROTOTYPES = YES;
				CLANG_WARN_SUSPICIOUS_MOVE = YES;
				CLANG_WARN_UNGUARDED_AVAILABILITY = YES_AGGRESSIVE;
				CLANG_WARN_UNREACHABLE_CODE = YES;
				CLANG_WARN__DUPLICATE_METHOD_MATCH = YES;
				COPY_PHASE_STRIP = NO;
				DEBUG_INFORMATION_FORMAT = "dwarf-with-dsym";
				ENABLE_NS_ASSERTIONS = NO;
				ENABLE_STRICT_OBJC_MSGSEND = YES;
				GCC_C_LANGUAGE_STANDARD = gnu11;
				GCC_NO_COMMON_BLOCKS = YES;
				GCC_WARN_64_TO_32_BIT_CONVERSION = YES;
				GCC_WARN_ABOUT_RETURN_TYPE = YES_ERROR;
				GCC_WARN_UNDECLARED_SELECTOR = YES;
				GCC_WARN_UNINITIALIZED_AUTOS = YES_AGGRESSIVE;
				GCC_WARN_UNUSED_FUNCTION = YES;
				GCC_WARN_UNUSED_VARIABLE = YES;
				IPHONEOS_DEPLOYMENT_TARGET = 14.4;
				MTL_ENABLE_DEBUG_INFO = NO;
				MTL_FAST_MATH = YES;
				SDKROOT = iphoneos;
				SWIFT_COMPILATION_MODE = wholemodule;
				SWIFT_OPTIMIZATION_LEVEL = "-O";
				VALIDATE_PRODUCT = YES;
			};
			name = Release;
		};
		FB3848322635916A002F95DA /* Debug */ = {
			isa = XCBuildConfiguration;
			buildSettings = {
				ASSETCATALOG_COMPILER_APPICON_NAME = AppIcon;
				ASSETCATALOG_COMPILER_GLOBAL_ACCENT_COLOR_NAME = AccentColor;
				CODE_SIGN_STYLE = Automatic;
				DEVELOPMENT_ASSET_PATHS = "\"Scrumdinger/Preview Content\"";
				ENABLE_PREVIEWS = YES;
				INFOPLIST_FILE = Scrumdinger/Info.plist;
				IPHONEOS_DEPLOYMENT_TARGET = 14.0;
				LD_RUNPATH_SEARCH_PATHS = (
					"$(inherited)",
					"@executable_path/Frameworks",
				);
				PRODUCT_BUNDLE_IDENTIFIER = com.learn.Scrumdinger;
				PRODUCT_NAME = "$(TARGET_NAME)";
				SWIFT_VERSION = 5.0;
				TARGETED_DEVICE_FAMILY = "1,2";
			};
			name = Debug;
		};
		FB3848332635916A002F95DA /* Release */ = {
			isa = XCBuildConfiguration;
			buildSettings = {
				ASSETCATALOG_COMPILER_APPICON_NAME = AppIcon;
				ASSETCATALOG_COMPILER_GLOBAL_ACCENT_COLOR_NAME = AccentColor;
				CODE_SIGN_STYLE = Automatic;
				DEVELOPMENT_ASSET_PATHS = "\"Scrumdinger/Preview Content\"";
				ENABLE_PREVIEWS = YES;
				INFOPLIST_FILE = Scrumdinger/Info.plist;
				IPHONEOS_DEPLOYMENT_TARGET = 14.0;
				LD_RUNPATH_SEARCH_PATHS = (
					"$(inherited)",
					"@executable_path/Frameworks",
				);
				PRODUCT_BUNDLE_IDENTIFIER = com.learn.Scrumdinger;
				PRODUCT_NAME = "$(TARGET_NAME)";
				SWIFT_VERSION = 5.0;
				TARGETED_DEVICE_FAMILY = "1,2";
			};
			name = Release;
		};
/* End XCBuildConfiguration section */

/* Begin XCConfigurationList section */
		FB38481D26359168002F95DA /* Build configuration list for PBXProject "Scrumdinger" */ = {
			isa = XCConfigurationList;
			buildConfigurations = (
				FB38482F2635916A002F95DA /* Debug */,
				FB3848302635916A002F95DA /* Release */,
			);
			defaultConfigurationIsVisible = 0;
			defaultConfigurationName = Release;
		};
		FB3848312635916A002F95DA /* Build configuration list for PBXNativeTarget "Scrumdinger" */ = {
			isa = XCConfigurationList;
			buildConfigurations = (
				FB3848322635916A002F95DA /* Debug */,
				FB3848332635916A002F95DA /* Release */,
			);
			defaultConfigurationIsVisible = 0;
			defaultConfigurationName = Release;
		};
/* End XCConfigurationList section */
	};
	rootObject = FB38481A26359168002F95DA /* Project object */;
}
